{
  "name": "gitmark",
  "version": "1.0.0",
  "lockfileVersion": 3,
  "requires": true,
  "packages": {
    "": {
      "name": "gitmark",
      "version": "1.0.0",
      "license": "ISC",
      "dependencies": {
        "@noble/secp256k1": "^2.3.0",
        "txo_parser": "^0.0.2"
      }
    },
    "node_modules/@noble/secp256k1": {
      "version": "2.3.0",
      "resolved": "https://registry.npmjs.org/@noble/secp256k1/-/secp256k1-2.3.0.tgz",
      "integrity": "sha512-0TQed2gcBbIrh7Ccyw+y/uZQvbJwm7Ao4scBUxqpBCcsOlZG0O4KGfjtNAy/li4W8n1xt3dxrwJ0beZ2h2G6Kw==",
      "funding": {
        "url": "https://paulmillr.com/funding/"
      }
    },
    "node_modules/txo_parser": {
      "version": "0.0.2",
      "resolved": "https://registry.npmjs.org/txo_parser/-/txo_parser-0.0.2.tgz",
      "integrity": "sha512-coe888JCMd5Fb1BUnfS1i0oJ4/WIJ/JXmT8dcqlgXBZoHECgmBIadtsHXjI2lL8vuFW8oMORfWqecgpgycpwpw==",
      "bin": {
        "txo-parser": "cli.js"
      }
    }
  }
}
